{
  "name": "ettg",
  "version": "1.0.0",
  "lockfileVersion": 2,
  "requires": true,
  "packages": {
    "": {
      "name": "ettg",
      "version": "1.0.0",
      "license": "ISC",
      "bin": {
        "ettg": "bin/cli.js"
      },
      "engines": {
        "node": ">=14.10.x"
      }
    }
  }
}
